# THIS IS AN AUTOGENERATED FILE. DO NOT EDIT THIS FILE DIRECTLY.
# yarn lockfile v1


hash-sum@^1.0.2:
  version "1.0.2"
  resolved "https://registry.yarnpkg.com/hash-sum/-/hash-sum-1.0.2.tgz#33b40777754c6432573c120cc3808bbd10d47f04"
  integrity sha1-M7QHd3VMZDJXPBIMw4CLvRDUfwQ=

lodash@^4.17.10:
  version "4.17.11"
  resolved "https://registry.yarnpkg.com/lodash/-/lodash-4.17.11.tgz#b39ea6229ef607ecd89e2c8df12536891cac9b8d"
  integrity sha512-cQKh8igo5QUhZ7lg38DYWAxMvjSAKG0A8wGSVimP07SIUEK2UO+arSRKbRZWtelMtN5V0Hkwh5ryOto/SshYIg==

serialize-javascript@^1.5.0:
  version "1.6.1"
  resolved "https://registry.yarnpkg.com/serialize-javascript/-/serialize-javascript-1.6.1.tgz#4d1f697ec49429a847ca6f442a2a755126c4d879"
  integrity sha512-A5MOagrPFga4YaKQSWHryl7AXvbQkEqpw4NNYMTNYUNV51bA8ABHgYFpqKx+YFFrw59xMV1qGH1R4AgoNIVgCw==

vue-cli-plugin-tsx-support@^0.3.0:
  version "0.3.0"
  resolved "https://registry.yarnpkg.com/vue-cli-plugin-tsx-support/-/vue-cli-plugin-tsx-support-0.3.0.tgz#11730bee5f1505e2a850903479b5a8865fee7fae"
  integrity sha512-ZET7uYINKihF/tov6ekHThn4q1+EGke6d1N6Q46HwCsjMiyZWdPxZP1tm2OP6nfWr+eDGLvYciyVjw27uZytsg==

vue-jsx-hot-loader@^1.4.0:
  version "1.4.0"
  resolved "https://registry.yarnpkg.com/vue-jsx-hot-loader/-/vue-jsx-hot-loader-1.4.0.tgz#38014b6cac81bdc290f16ca1f4e0e68306542bd8"
  integrity sha512-RaoRH3Et4DGhvO5hl+xHQY42PmUd4ECe+L0F/aB7uN4PZhq57LpjdxpWi/9eODZ+FhAA3hpH+oBwzy8zKJaYmg==
  dependencies:
    hash-sum "^1.0.2"
    lodash "^4.17.10"
    serialize-javascript "^1.5.0"

vue-tsx-support@^2.1.1:
  version "2.2.2"
  resolved "https://registry.yarnpkg.com/vue-tsx-support/-/vue-tsx-support-2.2.2.tgz#318f6dd25e5f1ee451a7bc5bcb4669eb7810460c"
  integrity sha512-VykX5OnMYUCyJje7Ke2cVMk0c22eCzuyCQjchRsMpRg72SLZ0eDicT4oTZTJRGAHJ/7TDV+Pwtnpt+LHVr62jg==
